// !$*UTF8*$!
{
	archiveVersion = 1;
	classes = {
	};
	objectVersion = 55;
	objects = {

/* Begin PBXBuildFile section */
		6219CF582755BF0900B1E0FE /* AppDelegate.swift in Sources */ = {isa = PBXBuildFile; fileRef = 6219CF572755BF0900B1E0FE /* AppDelegate.swift */; };
		6219CF5A2755BF0900B1E0FE /* SceneDelegate.swift in Sources */ = {isa = PBXBuildFile; fileRef = 6219CF592755BF0900B1E0FE /* SceneDelegate.swift */; };
		6219CF5C2755BF0900B1E0FE /* ViewController.swift in Sources */ = {isa = PBXBuildFile; fileRef = 6219CF5B2755BF0900B1E0FE /* ViewController.swift */; };
		6219CF5F2755BF0900B1E0FE /* Main.storyboard in Resources */ = {isa = PBXBuildFile; fileRef = 6219CF5D2755BF0900B1E0FE /* Main.storyboard */; };
		6219CF612755BF0A00B1E0FE /* Assets.xcassets in Resources */ = {isa = PBXBuildFile; fileRef = 6219CF602755BF0A00B1E0FE /* Assets.xcassets */; };
		6219CF642755BF0A00B1E0FE /* LaunchScreen.storyboard in Resources */ = {isa = PBXBuildFile; fileRef = 6219CF622755BF0A00B1E0FE /* LaunchScreen.storyboard */; };
		62A7DD65275882E7004B1410 /* RxCocoa in Frameworks */ = {isa = PBXBuildFile; productRef = 62A7DD64275882E7004B1410 /* RxCocoa */; };
		62A7DD67275882E7004B1410 /* RxRelay in Frameworks */ = {isa = PBXBuildFile; productRef = 62A7DD66275882E7004B1410 /* RxRelay */; };
		62A7DD69275882E7004B1410 /* RxSwift in Frameworks */ = {isa = PBXBuildFile; productRef = 62A7DD68275882E7004B1410 /* RxSwift */; };
		62A7DD6C27588D97004B1410 /* RxGesture in Frameworks */ = {isa = PBXBuildFile; productRef = 62A7DD6B27588D97004B1410 /* RxGesture */; };
		62D8E9DB275891BD00DDA3AD /* URLBuilder.swift in Sources */ = {isa = PBXBuildFile; fileRef = 62D8E9DA275891BD00DDA3AD /* URLBuilder.swift */; };
		62D8E9E6275934AF00DDA3AD /* NotoSansJP-Regular.otf in Resources */ = {isa = PBXBuildFile; fileRef = 62D8E9E52759344600DDA3AD /* NotoSansJP-Regular.otf */; };
		62D8E9E7275934B300DDA3AD /* NotoSansJP-Bold.otf in Resources */ = {isa = PBXBuildFile; fileRef = 62D8E9E42759343C00DDA3AD /* NotoSansJP-Bold.otf */; };
/* End PBXBuildFile section */

/* Begin PBXFileReference section */
		6219CF542755BF0900B1E0FE /* Helpearth.app */ = {isa = PBXFileReference; explicitFileType = wrapper.application; includeInIndex = 0; path = Helpearth.app; sourceTree = BUILT_PRODUCTS_DIR; };
		6219CF572755BF0900B1E0FE /* AppDelegate.swift */ = {isa = PBXFileReference; lastKnownFileType = sourcecode.swift; path = AppDelegate.swift; sourceTree = "<group>"; };
		6219CF592755BF0900B1E0FE /* SceneDelegate.swift */ = {isa = PBXFileReference; lastKnownFileType = sourcecode.swift; path = SceneDelegate.swift; sourceTree = "<group>"; };
		6219CF5B2755BF0900B1E0FE /* ViewController.swift */ = {isa = PBXFileReference; lastKnownFileType = sourcecode.swift; path = ViewController.swift; sourceTree = "<group>"; };
		6219CF5E2755BF0900B1E0FE /* Base */ = {isa = PBXFileReference; lastKnownFileType = file.storyboard; name = Base; path = Base.lproj/Main.storyboard; sourceTree = "<group>"; };
		6219CF602755BF0A00B1E0FE /* Assets.xcassets */ = {isa = PBXFileReference; lastKnownFileType = folder.assetcatalog; path = Assets.xcassets; sourceTree = "<group>"; };
		6219CF632755BF0A00B1E0FE /* Base */ = {isa = PBXFileReference; lastKnownFileType = file.storyboard; name = Base; path = Base.lproj/LaunchScreen.storyboard; sourceTree = "<group>"; };
		6219CF652755BF0A00B1E0FE /* Info.plist */ = {isa = PBXFileReference; lastKnownFileType = text.plist.xml; path = Info.plist; sourceTree = "<group>"; };
		6253A2B92756097F00FF265D /* Helpearth.entitlements */ = {isa = PBXFileReference; lastKnownFileType = text.plist.entitlements; path = Helpearth.entitlements; sourceTree = "<group>"; };
		62D8E9DA275891BD00DDA3AD /* URLBuilder.swift */ = {isa = PBXFileReference; lastKnownFileType = sourcecode.swift; path = URLBuilder.swift; sourceTree = "<group>"; };
		62D8E9E42759343C00DDA3AD /* NotoSansJP-Bold.otf */ = {isa = PBXFileReference; lastKnownFileType = file; path = "NotoSansJP-Bold.otf"; sourceTree = "<group>"; };
		62D8E9E52759344600DDA3AD /* NotoSansJP-Regular.otf */ = {isa = PBXFileReference; lastKnownFileType = file; path = "NotoSansJP-Regular.otf"; sourceTree = "<group>"; };
/* End PBXFileReference section */

/* Begin PBXFrameworksBuildPhase section */
		6219CF512755BF0900B1E0FE /* Frameworks */ = {
			isa = PBXFrameworksBuildPhase;
			buildActionMask = 2147483647;
			files = (
				62A7DD69275882E7004B1410 /* RxSwift in Frameworks */,
				62A7DD67275882E7004B1410 /* RxRelay in Frameworks */,
				62A7DD6C27588D97004B1410 /* RxGesture in Frameworks */,
				62A7DD65275882E7004B1410 /* RxCocoa in Frameworks */,
			);
			runOnlyForDeploymentPostprocessing = 0;
		};
/* End PBXFrameworksBuildPhase section */

/* Begin PBXGroup section */
		6219CF4B2755BF0900B1E0FE = {
			isa = PBXGroup;
			children = (
				6219CF562755BF0900B1E0FE /* Helpearth */,
				6219CF552755BF0900B1E0FE /* Products */,
			);
			sourceTree = "<group>";
		};
		6219CF552755BF0900B1E0FE /* Products */ = {
			isa = PBXGroup;
			children = (
				6219CF542755BF0900B1E0FE /* Helpearth.app */,
			);
			name = Products;
			sourceTree = "<group>";
		};
		6219CF562755BF0900B1E0FE /* Helpearth */ = {
			isa = PBXGroup;
			children = (
				62D8E9DC27592F2200DDA3AD /* Resources */,
				6253A2B92756097F00FF265D /* Helpearth.entitlements */,
				6219CF572755BF0900B1E0FE /* AppDelegate.swift */,
				6219CF592755BF0900B1E0FE /* SceneDelegate.swift */,
				6219CF5B2755BF0900B1E0FE /* ViewController.swift */,
				6219CF5D2755BF0900B1E0FE /* Main.storyboard */,
				6219CF602755BF0A00B1E0FE /* Assets.xcassets */,
				6219CF622755BF0A00B1E0FE /* LaunchScreen.storyboard */,
				6219CF652755BF0A00B1E0FE /* Info.plist */,
				62D8E9DA275891BD00DDA3AD /* URLBuilder.swift */,
			);
			path = Helpearth;
			sourceTree = "<group>";
		};
		62D8E9DC27592F2200DDA3AD /* Resources */ = {
			isa = PBXGroup;
			children = (
				62D8E9E52759344600DDA3AD /* NotoSansJP-Regular.otf */,
				62D8E9E42759343C00DDA3AD /* NotoSansJP-Bold.otf */,
			);
			path = Resources;
			sourceTree = "<group>";
		};
/* End PBXGroup section */

/* Begin PBXNativeTarget section */
		6219CF532755BF0900B1E0FE /* Helpearth */ = {
			isa = PBXNativeTarget;
			buildConfigurationList = 6219CF682755BF0A00B1E0FE /* Build configuration list for PBXNativeTarget "Helpearth" */;
			buildPhases = (
				6219CF502755BF0900B1E0FE /* Sources */,
				6219CF512755BF0900B1E0FE /* Frameworks */,
				6219CF522755BF0900B1E0FE /* Resources */,
			);
			buildRules = (
			);
			dependencies = (
			);
			name = Helpearth;
			packageProductDependencies = (
				62A7DD64275882E7004B1410 /* RxCocoa */,
				62A7DD66275882E7004B1410 /* RxRelay */,
				62A7DD68275882E7004B1410 /* RxSwift */,
				62A7DD6B27588D97004B1410 /* RxGesture */,
			);
			productName = Helpearth;
			productReference = 6219CF542755BF0900B1E0FE /* Helpearth.app */;
			productType = "com.apple.product-type.application";
		};
/* End PBXNativeTarget section */

/* Begin PBXProject section */
		6219CF4C2755BF0900B1E0FE /* Project object */ = {
			isa = PBXProject;
			attributes = {
				BuildIndependentTargetsInParallel = 1;
				LastSwiftUpdateCheck = 1310;
				LastUpgradeCheck = 1310;
				TargetAttributes = {
					6219CF532755BF0900B1E0FE = {
						CreatedOnToolsVersion = 13.1;
					};
				};
			};
			buildConfigurationList = 6219CF4F2755BF0900B1E0FE /* Build configuration list for PBXProject "Helpearth" */;
			compatibilityVersion = "Xcode 13.0";
			developmentRegion = en;
			hasScannedForEncodings = 0;
			knownRegions = (
				en,
				Base,
			);
			mainGroup = 6219CF4B2755BF0900B1E0FE;
			packageReferences = (
				62A7DD63275882E7004B1410 /* XCRemoteSwiftPackageReference "RxSwift" */,
				62A7DD6A27588D97004B1410 /* XCRemoteSwiftPackageReference "RxGesture" */,
			);
			productRefGroup = 6219CF552755BF0900B1E0FE /* Products */;
			projectDirPath = "";
			projectRoot = "";
			targets = (
				6219CF532755BF0900B1E0FE /* Helpearth */,
			);
		};
/* End PBXProject section */

/* Begin PBXResourcesBuildPhase section */
		6219CF522755BF0900B1E0FE /* Resources */ = {
			isa = PBXResourcesBuildPhase;
			buildActionMask = 2147483647;
			files = (
				62D8E9E7275934B300DDA3AD /* NotoSansJP-Bold.otf in Resources */,
				62D8E9E6275934AF00DDA3AD /* NotoSansJP-Regular.otf in Resources */,
				6219CF642755BF0A00B1E0FE /* LaunchScreen.storyboard in Resources */,
				6219CF612755BF0A00B1E0FE /* Assets.xcassets in Resources */,
				6219CF5F2755BF0900B1E0FE /* Main.storyboard in Resources */,
			);
			runOnlyForDeploymentPostprocessing = 0;
		};
/* End PBXResourcesBuildPhase section */

/* Begin PBXSourcesBuildPhase section */
		6219CF502755BF0900B1E0FE /* Sources */ = {
			isa = PBXSourcesBuildPhase;
			buildActionMask = 2147483647;
			files = (
				6219CF5C2755BF0900B1E0FE /* ViewController.swift in Sources */,
				62D8E9DB275891BD00DDA3AD /* URLBuilder.swift in Sources */,
				6219CF582755BF0900B1E0FE /* AppDelegate.swift in Sources */,
				6219CF5A2755BF0900B1E0FE /* SceneDelegate.swift in Sources */,
			);
			runOnlyForDeploymentPostprocessing = 0;
		};
/* End PBXSourcesBuildPhase section */

/* Begin PBXVariantGroup section */
		6219CF5D2755BF0900B1E0FE /* Main.storyboard */ = {
			isa = PBXVariantGroup;
			children = (
				6219CF5E2755BF0900B1E0FE /* Base */,
			);
			name = Main.storyboard;
			sourceTree = "<group>";
		};
		6219CF622755BF0A00B1E0FE /* LaunchScreen.storyboard */ = {
			isa = PBXVariantGroup;
			children = (
				6219CF632755BF0A00B1E0FE /* Base */,
			);
			name = LaunchScreen.storyboard;
			sourceTree = "<group>";
		};
/* End PBXVariantGroup section */

/* Begin XCBuildConfiguration section */
		6219CF662755BF0A00B1E0FE /* Debug */ = {
			isa = XCBuildConfiguration;
			buildSettings = {
				ALWAYS_SEARCH_USER_PATHS = NO;
				CLANG_ANALYZER_NONNULL = YES;
				CLANG_ANALYZER_NUMBER_OBJECT_CONVERSION = YES_AGGRESSIVE;
				CLANG_CXX_LANGUAGE_STANDARD = "gnu++17";
				CLANG_CXX_LIBRARY = "libc++";
				CLANG_ENABLE_MODULES = YES;
				CLANG_ENABLE_OBJC_ARC = YES;
				CLANG_ENABLE_OBJC_WEAK = YES;
				CLANG_WARN_BLOCK_CAPTURE_AUTORELEASING = YES;
				CLANG_WARN_BOOL_CONVERSION = YES;
				CLANG_WARN_COMMA = YES;
				CLANG_WARN_CONSTANT_CONVERSION = YES;
				CLANG_WARN_DEPRECATED_OBJC_IMPLEMENTATIONS = YES;
				CLANG_WARN_DIRECT_OBJC_ISA_USAGE = YES_ERROR;
				CLANG_WARN_DOCUMENTATION_COMMENTS = YES;
				CLANG_WARN_EMPTY_BODY = YES;
				CLANG_WARN_ENUM_CONVERSION = YES;
				CLANG_WARN_INFINITE_RECURSION = YES;
				CLANG_WARN_INT_CONVERSION = YES;
				CLANG_WARN_NON_LITERAL_NULL_CONVERSION = YES;
				CLANG_WARN_OBJC_IMPLICIT_RETAIN_SELF = YES;
				CLANG_WARN_OBJC_LITERAL_CONVERSION = YES;
				CLANG_WARN_OBJC_ROOT_CLASS = YES_ERROR;
				CLANG_WARN_QUOTED_INCLUDE_IN_FRAMEWORK_HEADER = YES;
				CLANG_WARN_RANGE_LOOP_ANALYSIS = YES;
				CLANG_WARN_STRICT_PROTOTYPES = YES;
				CLANG_WARN_SUSPICIOUS_MOVE = YES;
				CLANG_WARN_UNGUARDED_AVAILABILITY = YES_AGGRESSIVE;
				CLANG_WARN_UNREACHABLE_CODE = YES;
				CLANG_WARN__DUPLICATE_METHOD_MATCH = YES;
				COPY_PHASE_STRIP = NO;
				DEBUG_INFORMATION_FORMAT = dwarf;
				ENABLE_STRICT_OBJC_MSGSEND = YES;
				ENABLE_TESTABILITY = YES;
				GCC_C_LANGUAGE_STANDARD = gnu11;
				GCC_DYNAMIC_NO_PIC = NO;
				GCC_NO_COMMON_BLOCKS = YES;
				GCC_OPTIMIZATION_LEVEL = 0;
				GCC_PREPROCESSOR_DEFINITIONS = (
					"DEBUG=1",
					"$(inherited)",
				);
				GCC_WARN_64_TO_32_BIT_CONVERSION = YES;
				GCC_WARN_ABOUT_RETURN_TYPE = YES_ERROR;
				GCC_WARN_UNDECLARED_SELECTOR = YES;
				GCC_WARN_UNINITIALIZED_AUTOS = YES_AGGRESSIVE;
				GCC_WARN_UNUSED_FUNCTION = YES;
				GCC_WARN_UNUSED_VARIABLE = YES;
				IPHONEOS_DEPLOYMENT_TARGET = 15.0;
				MTL_ENABLE_DEBUG_INFO = INCLUDE_SOURCE;
				MTL_FAST_MATH = YES;
				ONLY_ACTIVE_ARCH = YES;
				SDKROOT = iphoneos;
				SWIFT_ACTIVE_COMPILATION_CONDITIONS = DEBUG;
				SWIFT_OPTIMIZATION_LEVEL = "-Onone";
			};
			name = Debug;
		};
		6219CF672755BF0A00B1E0FE /* Release */ = {
			isa = XCBuildConfiguration;
			buildSettings = {
				ALWAYS_SEARCH_USER_PATHS = NO;
				CLANG_ANALYZER_NONNULL = YES;
				CLANG_ANALYZER_NUMBER_OBJECT_CONVERSION = YES_AGGRESSIVE;
				CLANG_CXX_LANGUAGE_STANDARD = "gnu++17";
				CLANG_CXX_LIBRARY = "libc++";
				CLANG_ENABLE_MODULES = YES;
				CLANG_ENABLE_OBJC_ARC = YES;
				CLANG_ENABLE_OBJC_WEAK = YES;
				CLANG_WARN_BLOCK_CAPTURE_AUTORELEASING = YES;
				CLANG_WARN_BOOL_CONVERSION = YES;
				CLANG_WARN_COMMA = YES;
				CLANG_WARN_CONSTANT_CONVERSION = YES;
				CLANG_WARN_DEPRECATED_OBJC_IMPLEMENTATIONS = YES;
				CLANG_WARN_DIRECT_OBJC_ISA_USAGE = YES_ERROR;
				CLANG_WARN_DOCUMENTATION_COMMENTS = YES;
				CLANG_WARN_EMPTY_BODY = YES;
				CLANG_WARN_ENUM_CONVERSION = YES;
				CLANG_WARN_INFINITE_RECURSION = YES;
				CLANG_WARN_INT_CONVERSION = YES;
				CLANG_WARN_NON_LITERAL_NULL_CONVERSION = YES;
				CLANG_WARN_OBJC_IMPLICIT_RETAIN_SELF = YES;
				CLANG_WARN_OBJC_LITERAL_CONVERSION = YES;
				CLANG_WARN_OBJC_ROOT_CLASS = YES_ERROR;
				CLANG_WARN_QUOTED_INCLUDE_IN_FRAMEWORK_HEADER = YES;
				CLANG_WARN_RANGE_LOOP_ANALYSIS = YES;
				CLANG_WARN_STRICT_PROTOTYPES = YES;
				CLANG_WARN_SUSPICIOUS_MOVE = YES;
				CLANG_WARN_UNGUARDED_AVAILABILITY = YES_AGGRESSIVE;
				CLANG_WARN_UNREACHABLE_CODE = YES;
				CLANG_WARN__DUPLICATE_METHOD_MATCH = YES;
				COPY_PHASE_STRIP = NO;
				DEBUG_INFORMATION_FORMAT = "dwarf-with-dsym";
				ENABLE_NS_ASSERTIONS = NO;
				ENABLE_STRICT_OBJC_MSGSEND = YES;
				GCC_C_LANGUAGE_STANDARD = gnu11;
				GCC_NO_COMMON_BLOCKS = YES;
				GCC_WARN_64_TO_32_BIT_CONVERSION = YES;
				GCC_WARN_ABOUT_RETURN_TYPE = YES_ERROR;
				GCC_WARN_UNDECLARED_SELECTOR = YES;
				GCC_WARN_UNINITIALIZED_AUTOS = YES_AGGRESSIVE;
				GCC_WARN_UNUSED_FUNCTION = YES;
				GCC_WARN_UNUSED_VARIABLE = YES;
				IPHONEOS_DEPLOYMENT_TARGET = 15.0;
				MTL_ENABLE_DEBUG_INFO = NO;
				MTL_FAST_MATH = YES;
				SDKROOT = iphoneos;
				SWIFT_COMPILATION_MODE = wholemodule;
				SWIFT_OPTIMIZATION_LEVEL = "-O";
				VALIDATE_PRODUCT = YES;
			};
			name = Release;
		};
		6219CF692755BF0A00B1E0FE /* Debug */ = {
			isa = XCBuildConfiguration;
			buildSettings = {
				ASSETCATALOG_COMPILER_APPICON_NAME = AppIcon;
				ASSETCATALOG_COMPILER_GLOBAL_ACCENT_COLOR_NAME = AccentColor;
				CODE_SIGN_ENTITLEMENTS = Helpearth/Helpearth.entitlements;
				CODE_SIGN_STYLE = Automatic;
				CURRENT_PROJECT_VERSION = 1;
				DEVELOPMENT_TEAM = 59ZU2N6587;
				GENERATE_INFOPLIST_FILE = YES;
				INFOPLIST_FILE = Helpearth/Info.plist;
				INFOPLIST_KEY_NFCReaderUsageDescription = "NFCスキャンを許可";
				INFOPLIST_KEY_UIApplicationSupportsIndirectInputEvents = YES;
				INFOPLIST_KEY_UILaunchStoryboardName = LaunchScreen;
				INFOPLIST_KEY_UIMainStoryboardFile = Main;
				INFOPLIST_KEY_UISupportedInterfaceOrientations_iPad = "UIInterfaceOrientationPortrait UIInterfaceOrientationPortraitUpsideDown UIInterfaceOrientationLandscapeLeft UIInterfaceOrientationLandscapeRight";
				INFOPLIST_KEY_UISupportedInterfaceOrientations_iPhone = "UIInterfaceOrientationPortrait UIInterfaceOrientationLandscapeLeft UIInterfaceOrientationLandscapeRight";
				LD_RUNPATH_SEARCH_PATHS = (
					"$(inherited)",
					"@executable_path/Frameworks",
				);
				MARKETING_VERSION = 1.0;
				PRODUCT_BUNDLE_IDENTIFIER = com.ispec.Helpearth;
				PRODUCT_NAME = "$(TARGET_NAME)";
				SWIFT_EMIT_LOC_STRINGS = YES;
				SWIFT_VERSION = 5.0;
				TARGETED_DEVICE_FAMILY = "1,2";
			};
			name = Debug;
		};
		6219CF6A2755BF0A00B1E0FE /* Release */ = {
			isa = XCBuildConfiguration;
			buildSettings = {
				ASSETCATALOG_COMPILER_APPICON_NAME = AppIcon;
				ASSETCATALOG_COMPILER_GLOBAL_ACCENT_COLOR_NAME = AccentColor;
				CODE_SIGN_ENTITLEMENTS = Helpearth/Helpearth.entitlements;
				CODE_SIGN_STYLE = Automatic;
				CURRENT_PROJECT_VERSION = 1;
				DEVELOPMENT_TEAM = 59ZU2N6587;
				GENERATE_INFOPLIST_FILE = YES;
				INFOPLIST_FILE = Helpearth/Info.plist;
				INFOPLIST_KEY_NFCReaderUsageDescription = "NFCスキャンを許可";
				INFOPLIST_KEY_UIApplicationSupportsIndirectInputEvents = YES;
				INFOPLIST_KEY_UILaunchStoryboardName = LaunchScreen;
				INFOPLIST_KEY_UIMainStoryboardFile = Main;
				INFOPLIST_KEY_UISupportedInterfaceOrientations_iPad = "UIInterfaceOrientationPortrait UIInterfaceOrientationPortraitUpsideDown UIInterfaceOrientationLandscapeLeft UIInterfaceOrientationLandscapeRight";
				INFOPLIST_KEY_UISupportedInterfaceOrientations_iPhone = "UIInterfaceOrientationPortrait UIInterfaceOrientationLandscapeLeft UIInterfaceOrientationLandscapeRight";
				LD_RUNPATH_SEARCH_PATHS = (
					"$(inherited)",
					"@executable_path/Frameworks",
				);
				MARKETING_VERSION = 1.0;
				PRODUCT_BUNDLE_IDENTIFIER = com.ispec.Helpearth;
				PRODUCT_NAME = "$(TARGET_NAME)";
				SWIFT_EMIT_LOC_STRINGS = YES;
				SWIFT_VERSION = 5.0;
				TARGETED_DEVICE_FAMILY = "1,2";
			};
			name = Release;
		};
/* End XCBuildConfiguration section */

/* Begin XCConfigurationList section */
		6219CF4F2755BF0900B1E0FE /* Build configuration list for PBXProject "Helpearth" */ = {
			isa = XCConfigurationList;
			buildConfigurations = (
				6219CF662755BF0A00B1E0FE /* Debug */,
				6219CF672755BF0A00B1E0FE /* Release */,
			);
			defaultConfigurationIsVisible = 0;
			defaultConfigurationName = Release;
		};
		6219CF682755BF0A00B1E0FE /* Build configuration list for PBXNativeTarget "Helpearth" */ = {
			isa = XCConfigurationList;
			buildConfigurations = (
				6219CF692755BF0A00B1E0FE /* Debug */,
				6219CF6A2755BF0A00B1E0FE /* Release */,
			);
			defaultConfigurationIsVisible = 0;
			defaultConfigurationName = Release;
		};
/* End XCConfigurationList section */

/* Begin XCRemoteSwiftPackageReference section */
		62A7DD63275882E7004B1410 /* XCRemoteSwiftPackageReference "RxSwift" */ = {
			isa = XCRemoteSwiftPackageReference;
			repositoryURL = "https://github.com/ReactiveX/RxSwift";
			requirement = {
				kind = upToNextMajorVersion;
				minimumVersion = 6.0.0;
			};
		};
		62A7DD6A27588D97004B1410 /* XCRemoteSwiftPackageReference "RxGesture" */ = {
			isa = XCRemoteSwiftPackageReference;
			repositoryURL = "https://github.com/RxSwiftCommunity/RxGesture";
			requirement = {
				kind = upToNextMajorVersion;
				minimumVersion = 4.0.0;
			};
		};
/* End XCRemoteSwiftPackageReference section */

/* Begin XCSwiftPackageProductDependency section */
		62A7DD64275882E7004B1410 /* RxCocoa */ = {
			isa = XCSwiftPackageProductDependency;
			package = 62A7DD63275882E7004B1410 /* XCRemoteSwiftPackageReference "RxSwift" */;
			productName = RxCocoa;
		};
		62A7DD66275882E7004B1410 /* RxRelay */ = {
			isa = XCSwiftPackageProductDependency;
			package = 62A7DD63275882E7004B1410 /* XCRemoteSwiftPackageReference "RxSwift" */;
			productName = RxRelay;
		};
		62A7DD68275882E7004B1410 /* RxSwift */ = {
			isa = XCSwiftPackageProductDependency;
			package = 62A7DD63275882E7004B1410 /* XCRemoteSwiftPackageReference "RxSwift" */;
			productName = RxSwift;
		};
		62A7DD6B27588D97004B1410 /* RxGesture */ = {
			isa = XCSwiftPackageProductDependency;
			package = 62A7DD6A27588D97004B1410 /* XCRemoteSwiftPackageReference "RxGesture" */;
			productName = RxGesture;
		};
/* End XCSwiftPackageProductDependency section */
	};
	rootObject = 6219CF4C2755BF0900B1E0FE /* Project object */;
}
